
Microsoft Visual Studio Solution File, Format Version 12.00
# Visual Studio Version 16
VisualStudioVersion = 16.0.31910.168
MinimumVisualStudioVersion = 10.0.40219.1
Project("{FAE04EC0-301F-11D3-BF4B-00C04F79EFBC}") = "CalcularFrete", "CalcularFrete.csproj", "{C3CC3928-8A0E-4264-BE4A-3C81C436DD06}"
EndProject
Global
	GlobalSection(SolutionConfigurationPlatforms) = preSolution
		Debug|Any CPU = Debug|Any CPU
		Release|Any CPU = Release|Any CPU
	EndGlobalSection
	GlobalSection(ProjectConfigurationPlatforms) = postSolution
		{C3CC3928-8A0E-4264-BE4A-3C81C436DD06}.Debug|Any CPU.ActiveCfg = Debug|Any CPU
		{C3CC3928-8A0E-4264-BE4A-3C81C436DD06}.Debug|Any CPU.Build.0 = Debug|Any CPU
		{C3CC3928-8A0E-4264-BE4A-3C81C436DD06}.Release|Any CPU.ActiveCfg = Release|Any CPU
		{C3CC3928-8A0E-4264-BE4A-3C81C436DD06}.Release|Any CPU.Build.0 = Release|Any CPU
	EndGlobalSection
	GlobalSection(SolutionProperties) = preSolution
		HideSolutionNode = FALSE
	EndGlobalSection
	GlobalSection(ExtensibilityGlobals) = postSolution
		SolutionGuid = {698C415D-B89A-4E38-8356-8D2D7EF31B34}
	EndGlobalSection
EndGlobal
